// !$*UTF8*$!
{
	archiveVersion = 1;
	classes = {
	};
	objectVersion = 56;
	objects = {

/* Begin PBXBuildFile section */
		8B6CF5182B49556600718074 /* AppDelegate.swift in Sources */ = {isa = PBXBuildFile; fileRef = 8B6CF5172B49556600718074 /* AppDelegate.swift */; };
		8B6CF51A2B49556600718074 /* SceneDelegate.swift in Sources */ = {isa = PBXBuildFile; fileRef = 8B6CF5192B49556600718074 /* SceneDelegate.swift */; };
		8B6CF5212B49556800718074 /* Assets.xcassets in Resources */ = {isa = PBXBuildFile; fileRef = 8B6CF5202B49556800718074 /* Assets.xcassets */; };
		8B6CF5242B49556800718074 /* LaunchScreen.storyboard in Resources */ = {isa = PBXBuildFile; fileRef = 8B6CF5222B49556800718074 /* LaunchScreen.storyboard */; };
		8B6CF5392B49556800718074 /* GymondoUITests.swift in Sources */ = {isa = PBXBuildFile; fileRef = 8B6CF5382B49556800718074 /* GymondoUITests.swift */; };
		8B6CF53B2B49556800718074 /* GymondoUITestsLaunchTests.swift in Sources */ = {isa = PBXBuildFile; fileRef = 8B6CF53A2B49556800718074 /* GymondoUITestsLaunchTests.swift */; };
		8B6CF5742B4BDD6100718074 /* UITableViewController+Extensions.swift in Sources */ = {isa = PBXBuildFile; fileRef = 8B6CF5732B4BDD6100718074 /* UITableViewController+Extensions.swift */; };
		8B6CF5762B4BDE8E00718074 /* UIImageView+Extensions.swift in Sources */ = {isa = PBXBuildFile; fileRef = 8B6CF5752B4BDE8E00718074 /* UIImageView+Extensions.swift */; };
		8B6CF58E2B4BE89800718074 /* Loading.swift in Sources */ = {isa = PBXBuildFile; fileRef = 8B6CF58D2B4BE89800718074 /* Loading.swift */; };
		8B6CF5902B4BF01100718074 /* HtmlHelper.swift in Sources */ = {isa = PBXBuildFile; fileRef = 8B6CF58F2B4BF01100718074 /* HtmlHelper.swift */; };
		8B6CF5A22B4C4AED00718074 /* Kingfisher in Frameworks */ = {isa = PBXBuildFile; productRef = 8B6CF5A12B4C4AED00718074 /* Kingfisher */; };
		8B6CF5A92B4C89DB00718074 /* UITableViewCell+Extensions.swift in Sources */ = {isa = PBXBuildFile; fileRef = 8B6CF5A82B4C89DB00718074 /* UITableViewCell+Extensions.swift */; };
		8B6CF5B02B4D41ED00718074 /* ExercisesViewController.swift in Sources */ = {isa = PBXBuildFile; fileRef = 8B6CF5AE2B4D41ED00718074 /* ExercisesViewController.swift */; };
		8B6CF5B12B4D41ED00718074 /* ExercisesViewController.xib in Resources */ = {isa = PBXBuildFile; fileRef = 8B6CF5AF2B4D41ED00718074 /* ExercisesViewController.xib */; };
		8B6CF5DE2B4D675400718074 /* NetworkManagerTests.swift in Sources */ = {isa = PBXBuildFile; fileRef = 8B6CF5D32B4D675400718074 /* NetworkManagerTests.swift */; };
		8B6CF5E22B4D675400718074 /* TestUtilities.swift in Sources */ = {isa = PBXBuildFile; fileRef = 8B6CF5D82B4D675400718074 /* TestUtilities.swift */; };
		8B6CF5E32B4D675400718074 /* MockNetworkService.swift in Sources */ = {isa = PBXBuildFile; fileRef = 8B6CF5D92B4D675400718074 /* MockNetworkService.swift */; };
		8B6CF5E42B4D675400718074 /* ExerciseResultSample.json in Resources */ = {isa = PBXBuildFile; fileRef = 8B6CF5DB2B4D675400718074 /* ExerciseResultSample.json */; };
		8B6CF5E52B4D675400718074 /* ExerciseErrorResponse.json in Resources */ = {isa = PBXBuildFile; fileRef = 8B6CF5DC2B4D675400718074 /* ExerciseErrorResponse.json */; };
		8B6CF5E62B4D675400718074 /* ExerciseSuccessResponse.json in Resources */ = {isa = PBXBuildFile; fileRef = 8B6CF5DD2B4D675400718074 /* ExerciseSuccessResponse.json */; };
		8B6CF5ED2B4D675F00718074 /* NetworkServiceProtocol.swift in Sources */ = {isa = PBXBuildFile; fileRef = 8B6CF5E82B4D675F00718074 /* NetworkServiceProtocol.swift */; };
		8B6CF5EE2B4D675F00718074 /* NetworkManager.swift in Sources */ = {isa = PBXBuildFile; fileRef = 8B6CF5E92B4D675F00718074 /* NetworkManager.swift */; };
		8B6CF5EF2B4D675F00718074 /* Router.swift in Sources */ = {isa = PBXBuildFile; fileRef = 8B6CF5EA2B4D675F00718074 /* Router.swift */; };
		8B6CF5F02B4D675F00718074 /* NetworkError.swift in Sources */ = {isa = PBXBuildFile; fileRef = 8B6CF5EB2B4D675F00718074 /* NetworkError.swift */; };
		8B6CF5F12B4D675F00718074 /* Endpoint.swift in Sources */ = {isa = PBXBuildFile; fileRef = 8B6CF5EC2B4D675F00718074 /* Endpoint.swift */; };
/* End PBXBuildFile section */

/* Begin PBXContainerItemProxy section */
		8B6CF52B2B49556800718074 /* PBXContainerItemProxy */ = {
			isa = PBXContainerItemProxy;
			containerPortal = 8B6CF50C2B49556600718074 /* Project object */;
			proxyType = 1;
			remoteGlobalIDString = 8B6CF5132B49556600718074;
			remoteInfo = Gymondo;
		};
		8B6CF5352B49556800718074 /* PBXContainerItemProxy */ = {
			isa = PBXContainerItemProxy;
			containerPortal = 8B6CF50C2B49556600718074 /* Project object */;
			proxyType = 1;
			remoteGlobalIDString = 8B6CF5132B49556600718074;
			remoteInfo = Gymondo;
		};
/* End PBXContainerItemProxy section */

/* Begin PBXFileReference section */
		8B6CF5142B49556600718074 /* Gymondo.app */ = {isa = PBXFileReference; explicitFileType = wrapper.application; includeInIndex = 0; path = Gymondo.app; sourceTree = BUILT_PRODUCTS_DIR; };
		8B6CF5172B49556600718074 /* AppDelegate.swift */ = {isa = PBXFileReference; lastKnownFileType = sourcecode.swift; path = AppDelegate.swift; sourceTree = "<group>"; };
		8B6CF5192B49556600718074 /* SceneDelegate.swift */ = {isa = PBXFileReference; lastKnownFileType = sourcecode.swift; path = SceneDelegate.swift; sourceTree = "<group>"; };
		8B6CF5202B49556800718074 /* Assets.xcassets */ = {isa = PBXFileReference; lastKnownFileType = folder.assetcatalog; path = Assets.xcassets; sourceTree = "<group>"; };
		8B6CF5232B49556800718074 /* Base */ = {isa = PBXFileReference; lastKnownFileType = file.storyboard; name = Base; path = Base.lproj/LaunchScreen.storyboard; sourceTree = "<group>"; };
		8B6CF5252B49556800718074 /* Info.plist */ = {isa = PBXFileReference; lastKnownFileType = text.plist.xml; path = Info.plist; sourceTree = "<group>"; };
		8B6CF52A2B49556800718074 /* GymondoTests.xctest */ = {isa = PBXFileReference; explicitFileType = wrapper.cfbundle; includeInIndex = 0; path = GymondoTests.xctest; sourceTree = BUILT_PRODUCTS_DIR; };
		8B6CF5342B49556800718074 /* GymondoUITests.xctest */ = {isa = PBXFileReference; explicitFileType = wrapper.cfbundle; includeInIndex = 0; path = GymondoUITests.xctest; sourceTree = BUILT_PRODUCTS_DIR; };
		8B6CF5382B49556800718074 /* GymondoUITests.swift */ = {isa = PBXFileReference; lastKnownFileType = sourcecode.swift; path = GymondoUITests.swift; sourceTree = "<group>"; };
		8B6CF53A2B49556800718074 /* GymondoUITestsLaunchTests.swift */ = {isa = PBXFileReference; lastKnownFileType = sourcecode.swift; path = GymondoUITestsLaunchTests.swift; sourceTree = "<group>"; };
		8B6CF5732B4BDD6100718074 /* UITableViewController+Extensions.swift */ = {isa = PBXFileReference; lastKnownFileType = sourcecode.swift; path = "UITableViewController+Extensions.swift"; sourceTree = "<group>"; };
		8B6CF5752B4BDE8E00718074 /* UIImageView+Extensions.swift */ = {isa = PBXFileReference; lastKnownFileType = sourcecode.swift; path = "UIImageView+Extensions.swift"; sourceTree = "<group>"; };
		8B6CF58D2B4BE89800718074 /* Loading.swift */ = {isa = PBXFileReference; lastKnownFileType = sourcecode.swift; path = Loading.swift; sourceTree = "<group>"; };
		8B6CF58F2B4BF01100718074 /* HtmlHelper.swift */ = {isa = PBXFileReference; lastKnownFileType = sourcecode.swift; path = HtmlHelper.swift; sourceTree = "<group>"; };
		8B6CF5A82B4C89DB00718074 /* UITableViewCell+Extensions.swift */ = {isa = PBXFileReference; lastKnownFileType = sourcecode.swift; path = "UITableViewCell+Extensions.swift"; sourceTree = "<group>"; };
		8B6CF5AE2B4D41ED00718074 /* ExercisesViewController.swift */ = {isa = PBXFileReference; lastKnownFileType = sourcecode.swift; path = ExercisesViewController.swift; sourceTree = "<group>"; };
		8B6CF5AF2B4D41ED00718074 /* ExercisesViewController.xib */ = {isa = PBXFileReference; lastKnownFileType = file.xib; path = ExercisesViewController.xib; sourceTree = "<group>"; };
		8B6CF5D32B4D675400718074 /* NetworkManagerTests.swift */ = {isa = PBXFileReference; fileEncoding = 4; lastKnownFileType = sourcecode.swift; path = NetworkManagerTests.swift; sourceTree = "<group>"; };
		8B6CF5D82B4D675400718074 /* TestUtilities.swift */ = {isa = PBXFileReference; fileEncoding = 4; lastKnownFileType = sourcecode.swift; path = TestUtilities.swift; sourceTree = "<group>"; };
		8B6CF5D92B4D675400718074 /* MockNetworkService.swift */ = {isa = PBXFileReference; fileEncoding = 4; lastKnownFileType = sourcecode.swift; path = MockNetworkService.swift; sourceTree = "<group>"; };
		8B6CF5DB2B4D675400718074 /* ExerciseResultSample.json */ = {isa = PBXFileReference; fileEncoding = 4; lastKnownFileType = text.json; path = ExerciseResultSample.json; sourceTree = "<group>"; };
		8B6CF5DC2B4D675400718074 /* ExerciseErrorResponse.json */ = {isa = PBXFileReference; fileEncoding = 4; lastKnownFileType = text.json; path = ExerciseErrorResponse.json; sourceTree = "<group>"; };
		8B6CF5DD2B4D675400718074 /* ExerciseSuccessResponse.json */ = {isa = PBXFileReference; fileEncoding = 4; lastKnownFileType = text.json; path = ExerciseSuccessResponse.json; sourceTree = "<group>"; };
		8B6CF5E82B4D675F00718074 /* NetworkServiceProtocol.swift */ = {isa = PBXFileReference; fileEncoding = 4; lastKnownFileType = sourcecode.swift; path = NetworkServiceProtocol.swift; sourceTree = "<group>"; };
		8B6CF5E92B4D675F00718074 /* NetworkManager.swift */ = {isa = PBXFileReference; fileEncoding = 4; lastKnownFileType = sourcecode.swift; path = NetworkManager.swift; sourceTree = "<group>"; };
		8B6CF5EA2B4D675F00718074 /* Router.swift */ = {isa = PBXFileReference; fileEncoding = 4; lastKnownFileType = sourcecode.swift; path = Router.swift; sourceTree = "<group>"; };
		8B6CF5EB2B4D675F00718074 /* NetworkError.swift */ = {isa = PBXFileReference; fileEncoding = 4; lastKnownFileType = sourcecode.swift; path = NetworkError.swift; sourceTree = "<group>"; };
		8B6CF5EC2B4D675F00718074 /* Endpoint.swift */ = {isa = PBXFileReference; fileEncoding = 4; lastKnownFileType = sourcecode.swift; path = Endpoint.swift; sourceTree = "<group>"; };
/* End PBXFileReference section */

/* Begin PBXFrameworksBuildPhase section */
		8B6CF5112B49556600718074 /* Frameworks */ = {
			isa = PBXFrameworksBuildPhase;
			buildActionMask = 2147483647;
			files = (
				8B6CF5A22B4C4AED00718074 /* Kingfisher in Frameworks */,
			);
			runOnlyForDeploymentPostprocessing = 0;
		};
		8B6CF5272B49556800718074 /* Frameworks */ = {
			isa = PBXFrameworksBuildPhase;
			buildActionMask = 2147483647;
			files = (
			);
			runOnlyForDeploymentPostprocessing = 0;
		};
		8B6CF5312B49556800718074 /* Frameworks */ = {
			isa = PBXFrameworksBuildPhase;
			buildActionMask = 2147483647;
			files = (
			);
			runOnlyForDeploymentPostprocessing = 0;
		};
/* End PBXFrameworksBuildPhase section */

/* Begin PBXGroup section */
		8B6CF50B2B49556600718074 = {
			isa = PBXGroup;
			children = (
				8B6CF5162B49556600718074 /* Gymondo */,
				8B6CF52D2B49556800718074 /* GymondoTests */,
				8B6CF5372B49556800718074 /* GymondoUITests */,
				8B6CF5152B49556600718074 /* Products */,
			);
			sourceTree = "<group>";
		};
		8B6CF5152B49556600718074 /* Products */ = {
			isa = PBXGroup;
			children = (
				8B6CF5142B49556600718074 /* Gymondo.app */,
				8B6CF52A2B49556800718074 /* GymondoTests.xctest */,
				8B6CF5342B49556800718074 /* GymondoUITests.xctest */,
			);
			name = Products;
			sourceTree = "<group>";
		};
		8B6CF5162B49556600718074 /* Gymondo */ = {
			isa = PBXGroup;
			children = (
				8B6CF5172B49556600718074 /* AppDelegate.swift */,
				8B6CF5192B49556600718074 /* SceneDelegate.swift */,
				8B6CF5E72B4D675F00718074 /* Network Layer */,
				8B6CF5AE2B4D41ED00718074 /* ExercisesViewController.swift */,
				8B6CF5AF2B4D41ED00718074 /* ExercisesViewController.xib */,
				8B6CF5872B4BE5C500718074 /* Misc */,
				8B6CF5202B49556800718074 /* Assets.xcassets */,
				8B6CF5222B49556800718074 /* LaunchScreen.storyboard */,
				8B6CF5252B49556800718074 /* Info.plist */,
			);
			path = Gymondo;
			sourceTree = "<group>";
		};
		8B6CF52D2B49556800718074 /* GymondoTests */ = {
			isa = PBXGroup;
			children = (
				8B6CF5D72B4D675400718074 /* Helpers */,
				8B6CF5D22B4D675400718074 /* Tests */,
				8B6CF5DA2B4D675400718074 /* Resource */,
			);
			path = GymondoTests;
			sourceTree = "<group>";
		};
		8B6CF5372B49556800718074 /* GymondoUITests */ = {
			isa = PBXGroup;
			children = (
				8B6CF5382B49556800718074 /* GymondoUITests.swift */,
				8B6CF53A2B49556800718074 /* GymondoUITestsLaunchTests.swift */,
			);
			path = GymondoUITests;
			sourceTree = "<group>";
		};
		8B6CF5872B4BE5C500718074 /* Misc */ = {
			isa = PBXGroup;
			children = (
				8B6CF5732B4BDD6100718074 /* UITableViewController+Extensions.swift */,
				8B6CF5A82B4C89DB00718074 /* UITableViewCell+Extensions.swift */,
				8B6CF5752B4BDE8E00718074 /* UIImageView+Extensions.swift */,
				8B6CF58F2B4BF01100718074 /* HtmlHelper.swift */,
				8B6CF58D2B4BE89800718074 /* Loading.swift */,
			);
			path = Misc;
			sourceTree = "<group>";
		};
		8B6CF5D22B4D675400718074 /* Tests */ = {
			isa = PBXGroup;
			children = (
				8B6CF5D32B4D675400718074 /* NetworkManagerTests.swift */,
			);
			path = Tests;
			sourceTree = "<group>";
		};
		8B6CF5D72B4D675400718074 /* Helpers */ = {
			isa = PBXGroup;
			children = (
				8B6CF5D82B4D675400718074 /* TestUtilities.swift */,
				8B6CF5D92B4D675400718074 /* MockNetworkService.swift */,
			);
			path = Helpers;
			sourceTree = "<group>";
		};
		8B6CF5DA2B4D675400718074 /* Resource */ = {
			isa = PBXGroup;
			children = (
				8B6CF5DB2B4D675400718074 /* ExerciseResultSample.json */,
				8B6CF5DC2B4D675400718074 /* ExerciseErrorResponse.json */,
				8B6CF5DD2B4D675400718074 /* ExerciseSuccessResponse.json */,
			);
			path = Resource;
			sourceTree = "<group>";
		};
		8B6CF5E72B4D675F00718074 /* Network Layer */ = {
			isa = PBXGroup;
			children = (
				8B6CF5E82B4D675F00718074 /* NetworkServiceProtocol.swift */,
				8B6CF5E92B4D675F00718074 /* NetworkManager.swift */,
				8B6CF5EA2B4D675F00718074 /* Router.swift */,
				8B6CF5EB2B4D675F00718074 /* NetworkError.swift */,
				8B6CF5EC2B4D675F00718074 /* Endpoint.swift */,
			);
			path = "Network Layer";
			sourceTree = "<group>";
		};
/* End PBXGroup section */

/* Begin PBXNativeTarget section */
		8B6CF5132B49556600718074 /* Gymondo */ = {
			isa = PBXNativeTarget;
			buildConfigurationList = 8B6CF53E2B49556800718074 /* Build configuration list for PBXNativeTarget "Gymondo" */;
			buildPhases = (
				8B6CF5102B49556600718074 /* Sources */,
				8B6CF5112B49556600718074 /* Frameworks */,
				8B6CF5122B49556600718074 /* Resources */,
			);
			buildRules = (
			);
			dependencies = (
			);
			name = Gymondo;
			packageProductDependencies = (
				8B6CF5A12B4C4AED00718074 /* Kingfisher */,
			);
			productName = Gymondo;
			productReference = 8B6CF5142B49556600718074 /* Gymondo.app */;
			productType = "com.apple.product-type.application";
		};
		8B6CF5292B49556800718074 /* GymondoTests */ = {
			isa = PBXNativeTarget;
			buildConfigurationList = 8B6CF5412B49556800718074 /* Build configuration list for PBXNativeTarget "GymondoTests" */;
			buildPhases = (
				8B6CF5262B49556800718074 /* Sources */,
				8B6CF5272B49556800718074 /* Frameworks */,
				8B6CF5282B49556800718074 /* Resources */,
			);
			buildRules = (
			);
			dependencies = (
				8B6CF52C2B49556800718074 /* PBXTargetDependency */,
			);
			name = GymondoTests;
			productName = GymondoTests;
			productReference = 8B6CF52A2B49556800718074 /* GymondoTests.xctest */;
			productType = "com.apple.product-type.bundle.unit-test";
		};
		8B6CF5332B49556800718074 /* GymondoUITests */ = {
			isa = PBXNativeTarget;
			buildConfigurationList = 8B6CF5442B49556800718074 /* Build configuration list for PBXNativeTarget "GymondoUITests" */;
			buildPhases = (
				8B6CF5302B49556800718074 /* Sources */,
				8B6CF5312B49556800718074 /* Frameworks */,
				8B6CF5322B49556800718074 /* Resources */,
			);
			buildRules = (
			);
			dependencies = (
				8B6CF5362B49556800718074 /* PBXTargetDependency */,
			);
			name = GymondoUITests;
			productName = GymondoUITests;
			productReference = 8B6CF5342B49556800718074 /* GymondoUITests.xctest */;
			productType = "com.apple.product-type.bundle.ui-testing";
		};
/* End PBXNativeTarget section */

/* Begin PBXProject section */
		8B6CF50C2B49556600718074 /* Project object */ = {
			isa = PBXProject;
			attributes = {
				BuildIndependentTargetsInParallel = 1;
				LastSwiftUpdateCheck = 1500;
				LastUpgradeCheck = 1500;
				TargetAttributes = {
					8B6CF5132B49556600718074 = {
						CreatedOnToolsVersion = 15.0.1;
					};
					8B6CF5292B49556800718074 = {
						CreatedOnToolsVersion = 15.0.1;
						LastSwiftMigration = 1500;
						TestTargetID = 8B6CF5132B49556600718074;
					};
					8B6CF5332B49556800718074 = {
						CreatedOnToolsVersion = 15.0.1;
						TestTargetID = 8B6CF5132B49556600718074;
					};
				};
			};
			buildConfigurationList = 8B6CF50F2B49556600718074 /* Build configuration list for PBXProject "Gymondo" */;
			compatibilityVersion = "Xcode 14.0";
			developmentRegion = en;
			hasScannedForEncodings = 0;
			knownRegions = (
				en,
				Base,
			);
			mainGroup = 8B6CF50B2B49556600718074;
			packageReferences = (
				8B6CF5A02B4C4AED00718074 /* XCRemoteSwiftPackageReference "Kingfisher" */,
			);
			productRefGroup = 8B6CF5152B49556600718074 /* Products */;
			projectDirPath = "";
			projectRoot = "";
			targets = (
				8B6CF5132B49556600718074 /* Gymondo */,
				8B6CF5292B49556800718074 /* GymondoTests */,
				8B6CF5332B49556800718074 /* GymondoUITests */,
			);
		};
/* End PBXProject section */

/* Begin PBXResourcesBuildPhase section */
		8B6CF5122B49556600718074 /* Resources */ = {
			isa = PBXResourcesBuildPhase;
			buildActionMask = 2147483647;
			files = (
				8B6CF5242B49556800718074 /* LaunchScreen.storyboard in Resources */,
				8B6CF5B12B4D41ED00718074 /* ExercisesViewController.xib in Resources */,
				8B6CF5212B49556800718074 /* Assets.xcassets in Resources */,
			);
			runOnlyForDeploymentPostprocessing = 0;
		};
		8B6CF5282B49556800718074 /* Resources */ = {
			isa = PBXResourcesBuildPhase;
			buildActionMask = 2147483647;
			files = (
				8B6CF5E62B4D675400718074 /* ExerciseSuccessResponse.json in Resources */,
				8B6CF5E42B4D675400718074 /* ExerciseResultSample.json in Resources */,
				8B6CF5E52B4D675400718074 /* ExerciseErrorResponse.json in Resources */,
			);
			runOnlyForDeploymentPostprocessing = 0;
		};
		8B6CF5322B49556800718074 /* Resources */ = {
			isa = PBXResourcesBuildPhase;
			buildActionMask = 2147483647;
			files = (
			);
			runOnlyForDeploymentPostprocessing = 0;
		};
/* End PBXResourcesBuildPhase section */

/* Begin PBXSourcesBuildPhase section */
		8B6CF5102B49556600718074 /* Sources */ = {
			isa = PBXSourcesBuildPhase;
			buildActionMask = 2147483647;
			files = (
				8B6CF5EF2B4D675F00718074 /* Router.swift in Sources */,
				8B6CF58E2B4BE89800718074 /* Loading.swift in Sources */,
				8B6CF5182B49556600718074 /* AppDelegate.swift in Sources */,
				8B6CF5F12B4D675F00718074 /* Endpoint.swift in Sources */,
				8B6CF5EE2B4D675F00718074 /* NetworkManager.swift in Sources */,
				8B6CF5B02B4D41ED00718074 /* ExercisesViewController.swift in Sources */,
				8B6CF5902B4BF01100718074 /* HtmlHelper.swift in Sources */,
				8B6CF5742B4BDD6100718074 /* UITableViewController+Extensions.swift in Sources */,
				8B6CF5ED2B4D675F00718074 /* NetworkServiceProtocol.swift in Sources */,
				8B6CF5762B4BDE8E00718074 /* UIImageView+Extensions.swift in Sources */,
				8B6CF5F02B4D675F00718074 /* NetworkError.swift in Sources */,
				8B6CF5A92B4C89DB00718074 /* UITableViewCell+Extensions.swift in Sources */,
				8B6CF51A2B49556600718074 /* SceneDelegate.swift in Sources */,
			);
			runOnlyForDeploymentPostprocessing = 0;
		};
		8B6CF5262B49556800718074 /* Sources */ = {
			isa = PBXSourcesBuildPhase;
			buildActionMask = 2147483647;
			files = (
				8B6CF5E22B4D675400718074 /* TestUtilities.swift in Sources */,
				8B6CF5E32B4D675400718074 /* MockNetworkService.swift in Sources */,
				8B6CF5DE2B4D675400718074 /* NetworkManagerTests.swift in Sources */,
			);
			runOnlyForDeploymentPostprocessing = 0;
		};
		8B6CF5302B49556800718074 /* Sources */ = {
			isa = PBXSourcesBuildPhase;
			buildActionMask = 2147483647;
			files = (
				8B6CF53B2B49556800718074 /* GymondoUITestsLaunchTests.swift in Sources */,
				8B6CF5392B49556800718074 /* GymondoUITests.swift in Sources */,
			);
			runOnlyForDeploymentPostprocessing = 0;
		};
/* End PBXSourcesBuildPhase section */

/* Begin PBXTargetDependency section */
		8B6CF52C2B49556800718074 /* PBXTargetDependency */ = {
			isa = PBXTargetDependency;
			target = 8B6CF5132B49556600718074 /* Gymondo */;
			targetProxy = 8B6CF52B2B49556800718074 /* PBXContainerItemProxy */;
		};
		8B6CF5362B49556800718074 /* PBXTargetDependency */ = {
			isa = PBXTargetDependency;
			target = 8B6CF5132B49556600718074 /* Gymondo */;
			targetProxy = 8B6CF5352B49556800718074 /* PBXContainerItemProxy */;
		};
/* End PBXTargetDependency section */

/* Begin PBXVariantGroup section */
		8B6CF5222B49556800718074 /* LaunchScreen.storyboard */ = {
			isa = PBXVariantGroup;
			children = (
				8B6CF5232B49556800718074 /* Base */,
			);
			name = LaunchScreen.storyboard;
			sourceTree = "<group>";
		};
/* End PBXVariantGroup section */

/* Begin XCBuildConfiguration section */
		8B6CF53C2B49556800718074 /* Debug */ = {
			isa = XCBuildConfiguration;
			buildSettings = {
				ALWAYS_SEARCH_USER_PATHS = NO;
				ASSETCATALOG_COMPILER_GENERATE_SWIFT_ASSET_SYMBOL_EXTENSIONS = YES;
				CLANG_ANALYZER_NONNULL = YES;
				CLANG_ANALYZER_NUMBER_OBJECT_CONVERSION = YES_AGGRESSIVE;
				CLANG_CXX_LANGUAGE_STANDARD = "gnu++20";
				CLANG_ENABLE_MODULES = YES;
				CLANG_ENABLE_OBJC_ARC = YES;
				CLANG_ENABLE_OBJC_WEAK = YES;
				CLANG_WARN_BLOCK_CAPTURE_AUTORELEASING = YES;
				CLANG_WARN_BOOL_CONVERSION = YES;
				CLANG_WARN_COMMA = YES;
				CLANG_WARN_CONSTANT_CONVERSION = YES;
				CLANG_WARN_DEPRECATED_OBJC_IMPLEMENTATIONS = YES;
				CLANG_WARN_DIRECT_OBJC_ISA_USAGE = YES_ERROR;
				CLANG_WARN_DOCUMENTATION_COMMENTS = YES;
				CLANG_WARN_EMPTY_BODY = YES;
				CLANG_WARN_ENUM_CONVERSION = YES;
				CLANG_WARN_INFINITE_RECURSION = YES;
				CLANG_WARN_INT_CONVERSION = YES;
				CLANG_WARN_NON_LITERAL_NULL_CONVERSION = YES;
				CLANG_WARN_OBJC_IMPLICIT_RETAIN_SELF = YES;
				CLANG_WARN_OBJC_LITERAL_CONVERSION = YES;
				CLANG_WARN_OBJC_ROOT_CLASS = YES_ERROR;
				CLANG_WARN_QUOTED_INCLUDE_IN_FRAMEWORK_HEADER = YES;
				CLANG_WARN_RANGE_LOOP_ANALYSIS = YES;
				CLANG_WARN_STRICT_PROTOTYPES = YES;
				CLANG_WARN_SUSPICIOUS_MOVE = YES;
				CLANG_WARN_UNGUARDED_AVAILABILITY = YES_AGGRESSIVE;
				CLANG_WARN_UNREACHABLE_CODE = YES;
				CLANG_WARN__DUPLICATE_METHOD_MATCH = YES;
				COPY_PHASE_STRIP = NO;
				DEBUG_INFORMATION_FORMAT = dwarf;
				ENABLE_STRICT_OBJC_MSGSEND = YES;
				ENABLE_TESTABILITY = YES;
				ENABLE_USER_SCRIPT_SANDBOXING = YES;
				GCC_C_LANGUAGE_STANDARD = gnu17;
				GCC_DYNAMIC_NO_PIC = NO;
				GCC_NO_COMMON_BLOCKS = YES;
				GCC_OPTIMIZATION_LEVEL = 0;
				GCC_PREPROCESSOR_DEFINITIONS = (
					"DEBUG=1",
					"$(inherited)",
				);
				GCC_WARN_64_TO_32_BIT_CONVERSION = YES;
				GCC_WARN_ABOUT_RETURN_TYPE = YES_ERROR;
				GCC_WARN_UNDECLARED_SELECTOR = YES;
				GCC_WARN_UNINITIALIZED_AUTOS = YES_AGGRESSIVE;
				GCC_WARN_UNUSED_FUNCTION = YES;
				GCC_WARN_UNUSED_VARIABLE = YES;
				IPHONEOS_DEPLOYMENT_TARGET = 17.0;
				LOCALIZATION_PREFERS_STRING_CATALOGS = YES;
				MTL_ENABLE_DEBUG_INFO = INCLUDE_SOURCE;
				MTL_FAST_MATH = YES;
				ONLY_ACTIVE_ARCH = YES;
				SDKROOT = iphoneos;
				SWIFT_ACTIVE_COMPILATION_CONDITIONS = "DEBUG $(inherited)";
				SWIFT_OPTIMIZATION_LEVEL = "-Onone";
			};
			name = Debug;
		};
		8B6CF53D2B49556800718074 /* Release */ = {
			isa = XCBuildConfiguration;
			buildSettings = {
				ALWAYS_SEARCH_USER_PATHS = NO;
				ASSETCATALOG_COMPILER_GENERATE_SWIFT_ASSET_SYMBOL_EXTENSIONS = YES;
				CLANG_ANALYZER_NONNULL = YES;
				CLANG_ANALYZER_NUMBER_OBJECT_CONVERSION = YES_AGGRESSIVE;
				CLANG_CXX_LANGUAGE_STANDARD = "gnu++20";
				CLANG_ENABLE_MODULES = YES;
				CLANG_ENABLE_OBJC_ARC = YES;
				CLANG_ENABLE_OBJC_WEAK = YES;
				CLANG_WARN_BLOCK_CAPTURE_AUTORELEASING = YES;
				CLANG_WARN_BOOL_CONVERSION = YES;
				CLANG_WARN_COMMA = YES;
				CLANG_WARN_CONSTANT_CONVERSION = YES;
				CLANG_WARN_DEPRECATED_OBJC_IMPLEMENTATIONS = YES;
				CLANG_WARN_DIRECT_OBJC_ISA_USAGE = YES_ERROR;
				CLANG_WARN_DOCUMENTATION_COMMENTS = YES;
				CLANG_WARN_EMPTY_BODY = YES;
				CLANG_WARN_ENUM_CONVERSION = YES;
				CLANG_WARN_INFINITE_RECURSION = YES;
				CLANG_WARN_INT_CONVERSION = YES;
				CLANG_WARN_NON_LITERAL_NULL_CONVERSION = YES;
				CLANG_WARN_OBJC_IMPLICIT_RETAIN_SELF = YES;
				CLANG_WARN_OBJC_LITERAL_CONVERSION = YES;
				CLANG_WARN_OBJC_ROOT_CLASS = YES_ERROR;
				CLANG_WARN_QUOTED_INCLUDE_IN_FRAMEWORK_HEADER = YES;
				CLANG_WARN_RANGE_LOOP_ANALYSIS = YES;
				CLANG_WARN_STRICT_PROTOTYPES = YES;
				CLANG_WARN_SUSPICIOUS_MOVE = YES;
				CLANG_WARN_UNGUARDED_AVAILABILITY = YES_AGGRESSIVE;
				CLANG_WARN_UNREACHABLE_CODE = YES;
				CLANG_WARN__DUPLICATE_METHOD_MATCH = YES;
				COPY_PHASE_STRIP = NO;
				DEBUG_INFORMATION_FORMAT = "dwarf-with-dsym";
				ENABLE_NS_ASSERTIONS = NO;
				ENABLE_STRICT_OBJC_MSGSEND = YES;
				ENABLE_USER_SCRIPT_SANDBOXING = YES;
				GCC_C_LANGUAGE_STANDARD = gnu17;
				GCC_NO_COMMON_BLOCKS = YES;
				GCC_WARN_64_TO_32_BIT_CONVERSION = YES;
				GCC_WARN_ABOUT_RETURN_TYPE = YES_ERROR;
				GCC_WARN_UNDECLARED_SELECTOR = YES;
				GCC_WARN_UNINITIALIZED_AUTOS = YES_AGGRESSIVE;
				GCC_WARN_UNUSED_FUNCTION = YES;
				GCC_WARN_UNUSED_VARIABLE = YES;
				IPHONEOS_DEPLOYMENT_TARGET = 17.0;
				LOCALIZATION_PREFERS_STRING_CATALOGS = YES;
				MTL_ENABLE_DEBUG_INFO = NO;
				MTL_FAST_MATH = YES;
				SDKROOT = iphoneos;
				SWIFT_COMPILATION_MODE = wholemodule;
				VALIDATE_PRODUCT = YES;
			};
			name = Release;
		};
		8B6CF53F2B49556800718074 /* Debug */ = {
			isa = XCBuildConfiguration;
			buildSettings = {
				ASSETCATALOG_COMPILER_APPICON_NAME = AppIcon;
				ASSETCATALOG_COMPILER_GLOBAL_ACCENT_COLOR_NAME = AccentColor;
				CODE_SIGN_STYLE = Automatic;
				CURRENT_PROJECT_VERSION = 1;
				DEVELOPMENT_TEAM = 6H7676V3J4;
				GENERATE_INFOPLIST_FILE = YES;
				INFOPLIST_FILE = Gymondo/Info.plist;
				INFOPLIST_KEY_LSApplicationCategoryType = "public.app-category.healthcare-fitness";
				INFOPLIST_KEY_UIApplicationSupportsIndirectInputEvents = YES;
				INFOPLIST_KEY_UILaunchStoryboardName = LaunchScreen;
				INFOPLIST_KEY_UISupportedInterfaceOrientations = UIInterfaceOrientationPortrait;
				IPHONEOS_DEPLOYMENT_TARGET = 15.0;
				LD_RUNPATH_SEARCH_PATHS = (
					"$(inherited)",
					"@executable_path/Frameworks",
				);
				MARKETING_VERSION = 1.0;
				PRODUCT_BUNDLE_IDENTIFIER = com.ad.Gymondo;
				PRODUCT_NAME = "$(TARGET_NAME)";
				SWIFT_EMIT_LOC_STRINGS = YES;
				SWIFT_VERSION = 5.0;
				TARGETED_DEVICE_FAMILY = "1,2";
			};
			name = Debug;
		};
		8B6CF5402B49556800718074 /* Release */ = {
			isa = XCBuildConfiguration;
			buildSettings = {
				ASSETCATALOG_COMPILER_APPICON_NAME = AppIcon;
				ASSETCATALOG_COMPILER_GLOBAL_ACCENT_COLOR_NAME = AccentColor;
				CODE_SIGN_STYLE = Automatic;
				CURRENT_PROJECT_VERSION = 1;
				DEVELOPMENT_TEAM = 6H7676V3J4;
				GENERATE_INFOPLIST_FILE = YES;
				INFOPLIST_FILE = Gymondo/Info.plist;
				INFOPLIST_KEY_LSApplicationCategoryType = "public.app-category.healthcare-fitness";
				INFOPLIST_KEY_UIApplicationSupportsIndirectInputEvents = YES;
				INFOPLIST_KEY_UILaunchStoryboardName = LaunchScreen;
				INFOPLIST_KEY_UISupportedInterfaceOrientations = UIInterfaceOrientationPortrait;
				IPHONEOS_DEPLOYMENT_TARGET = 15.0;
				LD_RUNPATH_SEARCH_PATHS = (
					"$(inherited)",
					"@executable_path/Frameworks",
				);
				MARKETING_VERSION = 1.0;
				PRODUCT_BUNDLE_IDENTIFIER = com.ad.Gymondo;
				PRODUCT_NAME = "$(TARGET_NAME)";
				SWIFT_EMIT_LOC_STRINGS = YES;
				SWIFT_VERSION = 5.0;
				TARGETED_DEVICE_FAMILY = "1,2";
			};
			name = Release;
		};
		8B6CF5422B49556800718074 /* Debug */ = {
			isa = XCBuildConfiguration;
			buildSettings = {
				ALWAYS_EMBED_SWIFT_STANDARD_LIBRARIES = YES;
				BUNDLE_LOADER = "$(TEST_HOST)";
				CLANG_ENABLE_MODULES = YES;
				CODE_SIGN_STYLE = Automatic;
				CURRENT_PROJECT_VERSION = 1;
				DEVELOPMENT_TEAM = 6H7676V3J4;
				GENERATE_INFOPLIST_FILE = YES;
				IPHONEOS_DEPLOYMENT_TARGET = 15.0;
				MARKETING_VERSION = 1.0;
				PRODUCT_BUNDLE_IDENTIFIER = com.ad.GymondoTests;
				PRODUCT_NAME = "$(TARGET_NAME)";
				SWIFT_EMIT_LOC_STRINGS = NO;
				SWIFT_OPTIMIZATION_LEVEL = "-Onone";
				SWIFT_VERSION = 5.0;
				TARGETED_DEVICE_FAMILY = "1,2";
				TEST_HOST = "$(BUILT_PRODUCTS_DIR)/Gymondo.app/$(BUNDLE_EXECUTABLE_FOLDER_PATH)/Gymondo";
				TVOS_DEPLOYMENT_TARGET = 15.0;
			};
			name = Debug;
		};
		8B6CF5432B49556800718074 /* Release */ = {
			isa = XCBuildConfiguration;
			buildSettings = {
				ALWAYS_EMBED_SWIFT_STANDARD_LIBRARIES = YES;
				BUNDLE_LOADER = "$(TEST_HOST)";
				CLANG_ENABLE_MODULES = YES;
				CODE_SIGN_STYLE = Automatic;
				CURRENT_PROJECT_VERSION = 1;
				DEVELOPMENT_TEAM = 6H7676V3J4;
				GENERATE_INFOPLIST_FILE = YES;
				IPHONEOS_DEPLOYMENT_TARGET = 15.0;
				MARKETING_VERSION = 1.0;
				PRODUCT_BUNDLE_IDENTIFIER = com.ad.GymondoTests;
				PRODUCT_NAME = "$(TARGET_NAME)";
				SWIFT_EMIT_LOC_STRINGS = NO;
				SWIFT_VERSION = 5.0;
				TARGETED_DEVICE_FAMILY = "1,2";
				TEST_HOST = "$(BUILT_PRODUCTS_DIR)/Gymondo.app/$(BUNDLE_EXECUTABLE_FOLDER_PATH)/Gymondo";
				TVOS_DEPLOYMENT_TARGET = 15.0;
			};
			name = Release;
		};
		8B6CF5452B49556800718074 /* Debug */ = {
			isa = XCBuildConfiguration;
			buildSettings = {
				ALWAYS_EMBED_SWIFT_STANDARD_LIBRARIES = YES;
				CODE_SIGN_STYLE = Automatic;
				CURRENT_PROJECT_VERSION = 1;
				DEVELOPMENT_TEAM = 6H7676V3J4;
				GENERATE_INFOPLIST_FILE = YES;
				IPHONEOS_DEPLOYMENT_TARGET = 15.0;
				MARKETING_VERSION = 1.0;
				PRODUCT_BUNDLE_IDENTIFIER = com.ad.GymondoUITests;
				PRODUCT_NAME = "$(TARGET_NAME)";
				SWIFT_EMIT_LOC_STRINGS = NO;
				SWIFT_VERSION = 5.0;
				TARGETED_DEVICE_FAMILY = "1,2";
				TEST_TARGET_NAME = Gymondo;
				TVOS_DEPLOYMENT_TARGET = 15.0;
			};
			name = Debug;
		};
		8B6CF5462B49556800718074 /* Release */ = {
			isa = XCBuildConfiguration;
			buildSettings = {
				ALWAYS_EMBED_SWIFT_STANDARD_LIBRARIES = YES;
				CODE_SIGN_STYLE = Automatic;
				CURRENT_PROJECT_VERSION = 1;
				DEVELOPMENT_TEAM = 6H7676V3J4;
				GENERATE_INFOPLIST_FILE = YES;
				IPHONEOS_DEPLOYMENT_TARGET = 15.0;
				MARKETING_VERSION = 1.0;
				PRODUCT_BUNDLE_IDENTIFIER = com.ad.GymondoUITests;
				PRODUCT_NAME = "$(TARGET_NAME)";
				SWIFT_EMIT_LOC_STRINGS = NO;
				SWIFT_VERSION = 5.0;
				TARGETED_DEVICE_FAMILY = "1,2";
				TEST_TARGET_NAME = Gymondo;
				TVOS_DEPLOYMENT_TARGET = 15.0;
			};
			name = Release;
		};
/* End XCBuildConfiguration section */

/* Begin XCConfigurationList section */
		8B6CF50F2B49556600718074 /* Build configuration list for PBXProject "Gymondo" */ = {
			isa = XCConfigurationList;
			buildConfigurations = (
				8B6CF53C2B49556800718074 /* Debug */,
				8B6CF53D2B49556800718074 /* Release */,
			);
			defaultConfigurationIsVisible = 0;
			defaultConfigurationName = Release;
		};
		8B6CF53E2B49556800718074 /* Build configuration list for PBXNativeTarget "Gymondo" */ = {
			isa = XCConfigurationList;
			buildConfigurations = (
				8B6CF53F2B49556800718074 /* Debug */,
				8B6CF5402B49556800718074 /* Release */,
			);
			defaultConfigurationIsVisible = 0;
			defaultConfigurationName = Release;
		};
		8B6CF5412B49556800718074 /* Build configuration list for PBXNativeTarget "GymondoTests" */ = {
			isa = XCConfigurationList;
			buildConfigurations = (
				8B6CF5422B49556800718074 /* Debug */,
				8B6CF5432B49556800718074 /* Release */,
			);
			defaultConfigurationIsVisible = 0;
			defaultConfigurationName = Release;
		};
		8B6CF5442B49556800718074 /* Build configuration list for PBXNativeTarget "GymondoUITests" */ = {
			isa = XCConfigurationList;
			buildConfigurations = (
				8B6CF5452B49556800718074 /* Debug */,
				8B6CF5462B49556800718074 /* Release */,
			);
			defaultConfigurationIsVisible = 0;
			defaultConfigurationName = Release;
		};
/* End XCConfigurationList section */

/* Begin XCRemoteSwiftPackageReference section */
		8B6CF5A02B4C4AED00718074 /* XCRemoteSwiftPackageReference "Kingfisher" */ = {
			isa = XCRemoteSwiftPackageReference;
			repositoryURL = "https://github.com/onevcat/Kingfisher";
			requirement = {
				kind = upToNextMajorVersion;
				minimumVersion = 7.10.1;
			};
		};
/* End XCRemoteSwiftPackageReference section */

/* Begin XCSwiftPackageProductDependency section */
		8B6CF5A12B4C4AED00718074 /* Kingfisher */ = {
			isa = XCSwiftPackageProductDependency;
			package = 8B6CF5A02B4C4AED00718074 /* XCRemoteSwiftPackageReference "Kingfisher" */;
			productName = Kingfisher;
		};
/* End XCSwiftPackageProductDependency section */
	};
	rootObject = 8B6CF50C2B49556600718074 /* Project object */;
}
